// !$*UTF8*$!
{
	archiveVersion = 1;
	classes = {
	};
	objectVersion = 46;
	objects = {

/* Begin PBXBuildFile section */
		F621D9B11EC2CD0900854FC2 /* CreateStudentTableViewController.swift in Sources */ = {isa = PBXBuildFile; fileRef = F621D9B01EC2CD0900854FC2 /* CreateStudentTableViewController.swift */; };
		F6262DFA1EC33FAE00E6CE27 /* Constants.swift in Sources */ = {isa = PBXBuildFile; fileRef = F6262DF91EC33FAE00E6CE27 /* Constants.swift */; };
		F68C7A511EC238DE00ADD0BC /* AppDelegate.swift in Sources */ = {isa = PBXBuildFile; fileRef = F68C7A501EC238DE00ADD0BC /* AppDelegate.swift */; };
		F68C7A531EC238DE00ADD0BC /* ViewController.swift in Sources */ = {isa = PBXBuildFile; fileRef = F68C7A521EC238DE00ADD0BC /* ViewController.swift */; };
		F68C7A561EC238DE00ADD0BC /* Main.storyboard in Resources */ = {isa = PBXBuildFile; fileRef = F68C7A541EC238DE00ADD0BC /* Main.storyboard */; };
		F68C7A581EC238DE00ADD0BC /* Assets.xcassets in Resources */ = {isa = PBXBuildFile; fileRef = F68C7A571EC238DE00ADD0BC /* Assets.xcassets */; };
		F68C7A5B1EC238DE00ADD0BC /* LaunchScreen.storyboard in Resources */ = {isa = PBXBuildFile; fileRef = F68C7A591EC238DE00ADD0BC /* LaunchScreen.storyboard */; };
		F68C7A661EC238DE00ADD0BC /* Management_StudentTests.swift in Sources */ = {isa = PBXBuildFile; fileRef = F68C7A651EC238DE00ADD0BC /* Management_StudentTests.swift */; };
		F68C7A711EC238DE00ADD0BC /* Management_StudentUITests.swift in Sources */ = {isa = PBXBuildFile; fileRef = F68C7A701EC238DE00ADD0BC /* Management_StudentUITests.swift */; };
		F68C7A7F1EC23D9B00ADD0BC /* StudentTableViewCell.swift in Sources */ = {isa = PBXBuildFile; fileRef = F68C7A7E1EC23D9B00ADD0BC /* StudentTableViewCell.swift */; };
		F68C7A811EC23E1700ADD0BC /* ManagementStudentTableViewController.swift in Sources */ = {isa = PBXBuildFile; fileRef = F68C7A801EC23E1700ADD0BC /* ManagementStudentTableViewController.swift */; };
		F68C7A831EC2400000ADD0BC /* StudentDetailTableViewController.swift in Sources */ = {isa = PBXBuildFile; fileRef = F68C7A821EC2400000ADD0BC /* StudentDetailTableViewController.swift */; };
		F68C7A851EC24A4100ADD0BC /* Student.swift in Sources */ = {isa = PBXBuildFile; fileRef = F68C7A841EC24A4100ADD0BC /* Student.swift */; };
/* End PBXBuildFile section */

/* Begin PBXContainerItemProxy section */
		F68C7A621EC238DE00ADD0BC /* PBXContainerItemProxy */ = {
			isa = PBXContainerItemProxy;
			containerPortal = F68C7A451EC238DE00ADD0BC /* Project object */;
			proxyType = 1;
			remoteGlobalIDString = F68C7A4C1EC238DE00ADD0BC;
			remoteInfo = "Management Student";
		};
		F68C7A6D1EC238DE00ADD0BC /* PBXContainerItemProxy */ = {
			isa = PBXContainerItemProxy;
			containerPortal = F68C7A451EC238DE00ADD0BC /* Project object */;
			proxyType = 1;
			remoteGlobalIDString = F68C7A4C1EC238DE00ADD0BC;
			remoteInfo = "Management Student";
		};
/* End PBXContainerItemProxy section */

/* Begin PBXFileReference section */
		F621D9B01EC2CD0900854FC2 /* CreateStudentTableViewController.swift */ = {isa = PBXFileReference; fileEncoding = 4; lastKnownFileType = sourcecode.swift; path = CreateStudentTableViewController.swift; sourceTree = "<group>"; };
		F6262DF91EC33FAE00E6CE27 /* Constants.swift */ = {isa = PBXFileReference; fileEncoding = 4; lastKnownFileType = sourcecode.swift; path = Constants.swift; sourceTree = "<group>"; };
		F68C7A4D1EC238DE00ADD0BC /* Management Student.app */ = {isa = PBXFileReference; explicitFileType = wrapper.application; includeInIndex = 0; path = "Management Student.app"; sourceTree = BUILT_PRODUCTS_DIR; };
		F68C7A501EC238DE00ADD0BC /* AppDelegate.swift */ = {isa = PBXFileReference; lastKnownFileType = sourcecode.swift; path = AppDelegate.swift; sourceTree = "<group>"; };
		F68C7A521EC238DE00ADD0BC /* ViewController.swift */ = {isa = PBXFileReference; lastKnownFileType = sourcecode.swift; path = ViewController.swift; sourceTree = "<group>"; };
		F68C7A551EC238DE00ADD0BC /* Base */ = {isa = PBXFileReference; lastKnownFileType = file.storyboard; name = Base; path = Base.lproj/Main.storyboard; sourceTree = "<group>"; };
		F68C7A571EC238DE00ADD0BC /* Assets.xcassets */ = {isa = PBXFileReference; lastKnownFileType = folder.assetcatalog; path = Assets.xcassets; sourceTree = "<group>"; };
		F68C7A5A1EC238DE00ADD0BC /* Base */ = {isa = PBXFileReference; lastKnownFileType = file.storyboard; name = Base; path = Base.lproj/LaunchScreen.storyboard; sourceTree = "<group>"; };
		F68C7A5C1EC238DE00ADD0BC /* Info.plist */ = {isa = PBXFileReference; lastKnownFileType = text.plist.xml; path = Info.plist; sourceTree = "<group>"; };
		F68C7A611EC238DE00ADD0BC /* Management StudentTests.xctest */ = {isa = PBXFileReference; explicitFileType = wrapper.cfbundle; includeInIndex = 0; path = "Management StudentTests.xctest"; sourceTree = BUILT_PRODUCTS_DIR; };
		F68C7A651EC238DE00ADD0BC /* Management_StudentTests.swift */ = {isa = PBXFileReference; lastKnownFileType = sourcecode.swift; path = Management_StudentTests.swift; sourceTree = "<group>"; };
		F68C7A671EC238DE00ADD0BC /* Info.plist */ = {isa = PBXFileReference; lastKnownFileType = text.plist.xml; path = Info.plist; sourceTree = "<group>"; };
		F68C7A6C1EC238DE00ADD0BC /* Management StudentUITests.xctest */ = {isa = PBXFileReference; explicitFileType = wrapper.cfbundle; includeInIndex = 0; path = "Management StudentUITests.xctest"; sourceTree = BUILT_PRODUCTS_DIR; };
		F68C7A701EC238DE00ADD0BC /* Management_StudentUITests.swift */ = {isa = PBXFileReference; lastKnownFileType = sourcecode.swift; path = Management_StudentUITests.swift; sourceTree = "<group>"; };
		F68C7A721EC238DE00ADD0BC /* Info.plist */ = {isa = PBXFileReference; lastKnownFileType = text.plist.xml; path = Info.plist; sourceTree = "<group>"; };
		F68C7A7E1EC23D9B00ADD0BC /* StudentTableViewCell.swift */ = {isa = PBXFileReference; fileEncoding = 4; lastKnownFileType = sourcecode.swift; path = StudentTableViewCell.swift; sourceTree = "<group>"; };
		F68C7A801EC23E1700ADD0BC /* ManagementStudentTableViewController.swift */ = {isa = PBXFileReference; fileEncoding = 4; lastKnownFileType = sourcecode.swift; path = ManagementStudentTableViewController.swift; sourceTree = "<group>"; };
		F68C7A821EC2400000ADD0BC /* StudentDetailTableViewController.swift */ = {isa = PBXFileReference; fileEncoding = 4; lastKnownFileType = sourcecode.swift; path = StudentDetailTableViewController.swift; sourceTree = "<group>"; };
		F68C7A841EC24A4100ADD0BC /* Student.swift */ = {isa = PBXFileReference; fileEncoding = 4; lastKnownFileType = sourcecode.swift; path = Student.swift; sourceTree = "<group>"; };
/* End PBXFileReference section */

/* Begin PBXFrameworksBuildPhase section */
		F68C7A4A1EC238DE00ADD0BC /* Frameworks */ = {
			isa = PBXFrameworksBuildPhase;
			buildActionMask = 2147483647;
			files = (
			);
			runOnlyForDeploymentPostprocessing = 0;
		};
		F68C7A5E1EC238DE00ADD0BC /* Frameworks */ = {
			isa = PBXFrameworksBuildPhase;
			buildActionMask = 2147483647;
			files = (
			);
			runOnlyForDeploymentPostprocessing = 0;
		};
		F68C7A691EC238DE00ADD0BC /* Frameworks */ = {
			isa = PBXFrameworksBuildPhase;
			buildActionMask = 2147483647;
			files = (
			);
			runOnlyForDeploymentPostprocessing = 0;
		};
/* End PBXFrameworksBuildPhase section */

/* Begin PBXGroup section */
		F68C7A441EC238DE00ADD0BC = {
			isa = PBXGroup;
			children = (
				F68C7A4F1EC238DE00ADD0BC /* Management Student */,
				F68C7A641EC238DE00ADD0BC /* Management StudentTests */,
				F68C7A6F1EC238DE00ADD0BC /* Management StudentUITests */,
				F68C7A4E1EC238DE00ADD0BC /* Products */,
			);
			sourceTree = "<group>";
		};
		F68C7A4E1EC238DE00ADD0BC /* Products */ = {
			isa = PBXGroup;
			children = (
				F68C7A4D1EC238DE00ADD0BC /* Management Student.app */,
				F68C7A611EC238DE00ADD0BC /* Management StudentTests.xctest */,
				F68C7A6C1EC238DE00ADD0BC /* Management StudentUITests.xctest */,
			);
			name = Products;
			sourceTree = "<group>";
		};
		F68C7A4F1EC238DE00ADD0BC /* Management Student */ = {
			isa = PBXGroup;
			children = (
				F68C7A501EC238DE00ADD0BC /* AppDelegate.swift */,
				F68C7A521EC238DE00ADD0BC /* ViewController.swift */,
				F68C7A541EC238DE00ADD0BC /* Main.storyboard */,
				F68C7A571EC238DE00ADD0BC /* Assets.xcassets */,
				F68C7A591EC238DE00ADD0BC /* LaunchScreen.storyboard */,
				F68C7A5C1EC238DE00ADD0BC /* Info.plist */,
				F68C7A7E1EC23D9B00ADD0BC /* StudentTableViewCell.swift */,
				F68C7A801EC23E1700ADD0BC /* ManagementStudentTableViewController.swift */,
				F68C7A821EC2400000ADD0BC /* StudentDetailTableViewController.swift */,
				F68C7A841EC24A4100ADD0BC /* Student.swift */,
				F621D9B01EC2CD0900854FC2 /* CreateStudentTableViewController.swift */,
				F6262DF91EC33FAE00E6CE27 /* Constants.swift */,
			);
			path = "Management Student";
			sourceTree = "<group>";
		};
		F68C7A641EC238DE00ADD0BC /* Management StudentTests */ = {
			isa = PBXGroup;
			children = (
				F68C7A651EC238DE00ADD0BC /* Management_StudentTests.swift */,
				F68C7A671EC238DE00ADD0BC /* Info.plist */,
			);
			path = "Management StudentTests";
			sourceTree = "<group>";
		};
		F68C7A6F1EC238DE00ADD0BC /* Management StudentUITests */ = {
			isa = PBXGroup;
			children = (
				F68C7A701EC238DE00ADD0BC /* Management_StudentUITests.swift */,
				F68C7A721EC238DE00ADD0BC /* Info.plist */,
			);
			path = "Management StudentUITests";
			sourceTree = "<group>";
		};
/* End PBXGroup section */

/* Begin PBXNativeTarget section */
		F68C7A4C1EC238DE00ADD0BC /* Management Student */ = {
			isa = PBXNativeTarget;
			buildConfigurationList = F68C7A751EC238DE00ADD0BC /* Build configuration list for PBXNativeTarget "Management Student" */;
			buildPhases = (
				F68C7A491EC238DE00ADD0BC /* Sources */,
				F68C7A4A1EC238DE00ADD0BC /* Frameworks */,
				F68C7A4B1EC238DE00ADD0BC /* Resources */,
			);
			buildRules = (
			);
			dependencies = (
			);
			name = "Management Student";
			productName = "Management Student";
			productReference = F68C7A4D1EC238DE00ADD0BC /* Management Student.app */;
			productType = "com.apple.product-type.application";
		};
		F68C7A601EC238DE00ADD0BC /* Management StudentTests */ = {
			isa = PBXNativeTarget;
			buildConfigurationList = F68C7A781EC238DE00ADD0BC /* Build configuration list for PBXNativeTarget "Management StudentTests" */;
			buildPhases = (
				F68C7A5D1EC238DE00ADD0BC /* Sources */,
				F68C7A5E1EC238DE00ADD0BC /* Frameworks */,
				F68C7A5F1EC238DE00ADD0BC /* Resources */,
			);
			buildRules = (
			);
			dependencies = (
				F68C7A631EC238DE00ADD0BC /* PBXTargetDependency */,
			);
			name = "Management StudentTests";
			productName = "Management StudentTests";
			productReference = F68C7A611EC238DE00ADD0BC /* Management StudentTests.xctest */;
			productType = "com.apple.product-type.bundle.unit-test";
		};
		F68C7A6B1EC238DE00ADD0BC /* Management StudentUITests */ = {
			isa = PBXNativeTarget;
			buildConfigurationList = F68C7A7B1EC238DE00ADD0BC /* Build configuration list for PBXNativeTarget "Management StudentUITests" */;
			buildPhases = (
				F68C7A681EC238DE00ADD0BC /* Sources */,
				F68C7A691EC238DE00ADD0BC /* Frameworks */,
				F68C7A6A1EC238DE00ADD0BC /* Resources */,
			);
			buildRules = (
			);
			dependencies = (
				F68C7A6E1EC238DE00ADD0BC /* PBXTargetDependency */,
			);
			name = "Management StudentUITests";
			productName = "Management StudentUITests";
			productReference = F68C7A6C1EC238DE00ADD0BC /* Management StudentUITests.xctest */;
			productType = "com.apple.product-type.bundle.ui-testing";
		};
/* End PBXNativeTarget section */

/* Begin PBXProject section */
		F68C7A451EC238DE00ADD0BC /* Project object */ = {
			isa = PBXProject;
			attributes = {
				LastSwiftUpdateCheck = 0830;
				LastUpgradeCheck = 0830;
				ORGANIZATIONNAME = Huy;
				TargetAttributes = {
					F68C7A4C1EC238DE00ADD0BC = {
						CreatedOnToolsVersion = 8.3.2;
						ProvisioningStyle = Automatic;
					};
					F68C7A601EC238DE00ADD0BC = {
						CreatedOnToolsVersion = 8.3.2;
						ProvisioningStyle = Automatic;
						TestTargetID = F68C7A4C1EC238DE00ADD0BC;
					};
					F68C7A6B1EC238DE00ADD0BC = {
						CreatedOnToolsVersion = 8.3.2;
						ProvisioningStyle = Automatic;
						TestTargetID = F68C7A4C1EC238DE00ADD0BC;
					};
				};
			};
			buildConfigurationList = F68C7A481EC238DE00ADD0BC /* Build configuration list for PBXProject "Management Student" */;
			compatibilityVersion = "Xcode 3.2";
			developmentRegion = English;
			hasScannedForEncodings = 0;
			knownRegions = (
				en,
				Base,
			);
			mainGroup = F68C7A441EC238DE00ADD0BC;
			productRefGroup = F68C7A4E1EC238DE00ADD0BC /* Products */;
			projectDirPath = "";
			projectRoot = "";
			targets = (
				F68C7A4C1EC238DE00ADD0BC /* Management Student */,
				F68C7A601EC238DE00ADD0BC /* Management StudentTests */,
				F68C7A6B1EC238DE00ADD0BC /* Management StudentUITests */,
			);
		};
/* End PBXProject section */

/* Begin PBXResourcesBuildPhase section */
		F68C7A4B1EC238DE00ADD0BC /* Resources */ = {
			isa = PBXResourcesBuildPhase;
			buildActionMask = 2147483647;
			files = (
				F68C7A5B1EC238DE00ADD0BC /* LaunchScreen.storyboard in Resources */,
				F68C7A581EC238DE00ADD0BC /* Assets.xcassets in Resources */,
				F68C7A561EC238DE00ADD0BC /* Main.storyboard in Resources */,
			);
			runOnlyForDeploymentPostprocessing = 0;
		};
		F68C7A5F1EC238DE00ADD0BC /* Resources */ = {
			isa = PBXResourcesBuildPhase;
			buildActionMask = 2147483647;
			files = (
			);
			runOnlyForDeploymentPostprocessing = 0;
		};
		F68C7A6A1EC238DE00ADD0BC /* Resources */ = {
			isa = PBXResourcesBuildPhase;
			buildActionMask = 2147483647;
			files = (
			);
			runOnlyForDeploymentPostprocessing = 0;
		};
/* End PBXResourcesBuildPhase section */

/* Begin PBXSourcesBuildPhase section */
		F68C7A491EC238DE00ADD0BC /* Sources */ = {
			isa = PBXSourcesBuildPhase;
			buildActionMask = 2147483647;
			files = (
				F68C7A831EC2400000ADD0BC /* StudentDetailTableViewController.swift in Sources */,
				F68C7A851EC24A4100ADD0BC /* Student.swift in Sources */,
				F68C7A811EC23E1700ADD0BC /* ManagementStudentTableViewController.swift in Sources */,
				F68C7A531EC238DE00ADD0BC /* ViewController.swift in Sources */,
				F68C7A511EC238DE00ADD0BC /* AppDelegate.swift in Sources */,
				F621D9B11EC2CD0900854FC2 /* CreateStudentTableViewController.swift in Sources */,
				F68C7A7F1EC23D9B00ADD0BC /* StudentTableViewCell.swift in Sources */,
				F6262DFA1EC33FAE00E6CE27 /* Constants.swift in Sources */,
			);
			runOnlyForDeploymentPostprocessing = 0;
		};
		F68C7A5D1EC238DE00ADD0BC /* Sources */ = {
			isa = PBXSourcesBuildPhase;
			buildActionMask = 2147483647;
			files = (
				F68C7A661EC238DE00ADD0BC /* Management_StudentTests.swift in Sources */,
			);
			runOnlyForDeploymentPostprocessing = 0;
		};
		F68C7A681EC238DE00ADD0BC /* Sources */ = {
			isa = PBXSourcesBuildPhase;
			buildActionMask = 2147483647;
			files = (
				F68C7A711EC238DE00ADD0BC /* Management_StudentUITests.swift in Sources */,
			);
			runOnlyForDeploymentPostprocessing = 0;
		};
/* End PBXSourcesBuildPhase section */

/* Begin PBXTargetDependency section */
		F68C7A631EC238DE00ADD0BC /* PBXTargetDependency */ = {
			isa = PBXTargetDependency;
			target = F68C7A4C1EC238DE00ADD0BC /* Management Student */;
			targetProxy = F68C7A621EC238DE00ADD0BC /* PBXContainerItemProxy */;
		};
		F68C7A6E1EC238DE00ADD0BC /* PBXTargetDependency */ = {
			isa = PBXTargetDependency;
			target = F68C7A4C1EC238DE00ADD0BC /* Management Student */;
			targetProxy = F68C7A6D1EC238DE00ADD0BC /* PBXContainerItemProxy */;
		};
/* End PBXTargetDependency section */

/* Begin PBXVariantGroup section */
		F68C7A541EC238DE00ADD0BC /* Main.storyboard */ = {
			isa = PBXVariantGroup;
			children = (
				F68C7A551EC238DE00ADD0BC /* Base */,
			);
			name = Main.storyboard;
			sourceTree = "<group>";
		};
		F68C7A591EC238DE00ADD0BC /* LaunchScreen.storyboard */ = {
			isa = PBXVariantGroup;
			children = (
				F68C7A5A1EC238DE00ADD0BC /* Base */,
			);
			name = LaunchScreen.storyboard;
			sourceTree = "<group>";
		};
/* End PBXVariantGroup section */

/* Begin XCBuildConfiguration section */
		F68C7A731EC238DE00ADD0BC /* Debug */ = {
			isa = XCBuildConfiguration;
			buildSettings = {
				ALWAYS_SEARCH_USER_PATHS = NO;
				CLANG_ANALYZER_NONNULL = YES;
				CLANG_ANALYZER_NUMBER_OBJECT_CONVERSION = YES_AGGRESSIVE;
				CLANG_CXX_LANGUAGE_STANDARD = "gnu++0x";
				CLANG_CXX_LIBRARY = "libc++";
				CLANG_ENABLE_MODULES = YES;
				CLANG_ENABLE_OBJC_ARC = YES;
				CLANG_WARN_BOOL_CONVERSION = YES;
				CLANG_WARN_CONSTANT_CONVERSION = YES;
				CLANG_WARN_DIRECT_OBJC_ISA_USAGE = YES_ERROR;
				CLANG_WARN_DOCUMENTATION_COMMENTS = YES;
				CLANG_WARN_EMPTY_BODY = YES;
				CLANG_WARN_ENUM_CONVERSION = YES;
				CLANG_WARN_INFINITE_RECURSION = YES;
				CLANG_WARN_INT_CONVERSION = YES;
				CLANG_WARN_OBJC_ROOT_CLASS = YES_ERROR;
				CLANG_WARN_SUSPICIOUS_MOVE = YES;
				CLANG_WARN_UNREACHABLE_CODE = YES;
				CLANG_WARN__DUPLICATE_METHOD_MATCH = YES;
				"CODE_SIGN_IDENTITY[sdk=iphoneos*]" = "iPhone Developer";
				COPY_PHASE_STRIP = NO;
				DEBUG_INFORMATION_FORMAT = dwarf;
				ENABLE_STRICT_OBJC_MSGSEND = YES;
				ENABLE_TESTABILITY = YES;
				GCC_C_LANGUAGE_STANDARD = gnu99;
				GCC_DYNAMIC_NO_PIC = NO;
				GCC_NO_COMMON_BLOCKS = YES;
				GCC_OPTIMIZATION_LEVEL = 0;
				GCC_PREPROCESSOR_DEFINITIONS = (
					"DEBUG=1",
					"$(inherited)",
				);
				GCC_WARN_64_TO_32_BIT_CONVERSION = YES;
				GCC_WARN_ABOUT_RETURN_TYPE = YES_ERROR;
				GCC_WARN_UNDECLARED_SELECTOR = YES;
				GCC_WARN_UNINITIALIZED_AUTOS = YES_AGGRESSIVE;
				GCC_WARN_UNUSED_FUNCTION = YES;
				GCC_WARN_UNUSED_VARIABLE = YES;
				IPHONEOS_DEPLOYMENT_TARGET = 10.3;
				MTL_ENABLE_DEBUG_INFO = YES;
				ONLY_ACTIVE_ARCH = YES;
				SDKROOT = iphoneos;
				SWIFT_ACTIVE_COMPILATION_CONDITIONS = DEBUG;
				SWIFT_OPTIMIZATION_LEVEL = "-Onone";
				TARGETED_DEVICE_FAMILY = "1,2";
			};
			name = Debug;
		};
		F68C7A741EC238DE00ADD0BC /* Release */ = {
			isa = XCBuildConfiguration;
			buildSettings = {
				ALWAYS_SEARCH_USER_PATHS = NO;
				CLANG_ANALYZER_NONNULL = YES;
				CLANG_ANALYZER_NUMBER_OBJECT_CONVERSION = YES_AGGRESSIVE;
				CLANG_CXX_LANGUAGE_STANDARD = "gnu++0x";
				CLANG_CXX_LIBRARY = "libc++";
				CLANG_ENABLE_MODULES = YES;
				CLANG_ENABLE_OBJC_ARC = YES;
				CLANG_WARN_BOOL_CONVERSION = YES;
				CLANG_WARN_CONSTANT_CONVERSION = YES;
				CLANG_WARN_DIRECT_OBJC_ISA_USAGE = YES_ERROR;
				CLANG_WARN_DOCUMENTATION_COMMENTS = YES;
				CLANG_WARN_EMPTY_BODY = YES;
				CLANG_WARN_ENUM_CONVERSION = YES;
				CLANG_WARN_INFINITE_RECURSION = YES;
				CLANG_WARN_INT_CONVERSION = YES;
				CLANG_WARN_OBJC_ROOT_CLASS = YES_ERROR;
				CLANG_WARN_SUSPICIOUS_MOVE = YES;
				CLANG_WARN_UNREACHABLE_CODE = YES;
				CLANG_WARN__DUPLICATE_METHOD_MATCH = YES;
				"CODE_SIGN_IDENTITY[sdk=iphoneos*]" = "iPhone Developer";
				COPY_PHASE_STRIP = NO;
				DEBUG_INFORMATION_FORMAT = "dwarf-with-dsym";
				ENABLE_NS_ASSERTIONS = NO;
				ENABLE_STRICT_OBJC_MSGSEND = YES;
				GCC_C_LANGUAGE_STANDARD = gnu99;
				GCC_NO_COMMON_BLOCKS = YES;
				GCC_WARN_64_TO_32_BIT_CONVERSION = YES;
				GCC_WARN_ABOUT_RETURN_TYPE = YES_ERROR;
				GCC_WARN_UNDECLARED_SELECTOR = YES;
				GCC_WARN_UNINITIALIZED_AUTOS = YES_AGGRESSIVE;
				GCC_WARN_UNUSED_FUNCTION = YES;
				GCC_WARN_UNUSED_VARIABLE = YES;
				IPHONEOS_DEPLOYMENT_TARGET = 10.3;
				MTL_ENABLE_DEBUG_INFO = NO;
				SDKROOT = iphoneos;
				SWIFT_OPTIMIZATION_LEVEL = "-Owholemodule";
				TARGETED_DEVICE_FAMILY = "1,2";
				VALIDATE_PRODUCT = YES;
			};
			name = Release;
		};
		F68C7A761EC238DE00ADD0BC /* Debug */ = {
			isa = XCBuildConfiguration;
			buildSettings = {
				ASSETCATALOG_COMPILER_APPICON_NAME = AppIcon;
				INFOPLIST_FILE = "Management Student/Info.plist";
				LD_RUNPATH_SEARCH_PATHS = "$(inherited) @executable_path/Frameworks";
				PRODUCT_BUNDLE_IDENTIFIER = "Huy.Management-Student.Management-Student";
				PRODUCT_NAME = "$(TARGET_NAME)";
				SWIFT_VERSION = 3.0;
			};
			name = Debug;
		};
		F68C7A771EC238DE00ADD0BC /* Release */ = {
			isa = XCBuildConfiguration;
			buildSettings = {
				ASSETCATALOG_COMPILER_APPICON_NAME = AppIcon;
				INFOPLIST_FILE = "Management Student/Info.plist";
				LD_RUNPATH_SEARCH_PATHS = "$(inherited) @executable_path/Frameworks";
				PRODUCT_BUNDLE_IDENTIFIER = "Huy.Management-Student.Management-Student";
				PRODUCT_NAME = "$(TARGET_NAME)";
				SWIFT_VERSION = 3.0;
			};
			name = Release;
		};
		F68C7A791EC238DE00ADD0BC /* Debug */ = {
			isa = XCBuildConfiguration;
			buildSettings = {
				ALWAYS_EMBED_SWIFT_STANDARD_LIBRARIES = YES;
				BUNDLE_LOADER = "$(TEST_HOST)";
				INFOPLIST_FILE = "Management StudentTests/Info.plist";
				LD_RUNPATH_SEARCH_PATHS = "$(inherited) @executable_path/Frameworks @loader_path/Frameworks";
				PRODUCT_BUNDLE_IDENTIFIER = "Huy.Management-Student.Management-StudentTests";
				PRODUCT_NAME = "$(TARGET_NAME)";
				SWIFT_VERSION = 3.0;
				TEST_HOST = "$(BUILT_PRODUCTS_DIR)/Management Student.app/Management Student";
			};
			name = Debug;
		};
		F68C7A7A1EC238DE00ADD0BC /* Release */ = {
			isa = XCBuildConfiguration;
			buildSettings = {
				ALWAYS_EMBED_SWIFT_STANDARD_LIBRARIES = YES;
				BUNDLE_LOADER = "$(TEST_HOST)";
				INFOPLIST_FILE = "Management StudentTests/Info.plist";
				LD_RUNPATH_SEARCH_PATHS = "$(inherited) @executable_path/Frameworks @loader_path/Frameworks";
				PRODUCT_BUNDLE_IDENTIFIER = "Huy.Management-Student.Management-StudentTests";
				PRODUCT_NAME = "$(TARGET_NAME)";
				SWIFT_VERSION = 3.0;
				TEST_HOST = "$(BUILT_PRODUCTS_DIR)/Management Student.app/Management Student";
			};
			name = Release;
		};
		F68C7A7C1EC238DE00ADD0BC /* Debug */ = {
			isa = XCBuildConfiguration;
			buildSettings = {
				ALWAYS_EMBED_SWIFT_STANDARD_LIBRARIES = YES;
				INFOPLIST_FILE = "Management StudentUITests/Info.plist";
				LD_RUNPATH_SEARCH_PATHS = "$(inherited) @executable_path/Frameworks @loader_path/Frameworks";
				PRODUCT_BUNDLE_IDENTIFIER = "Huy.Management-Student.Management-StudentUITests";
				PRODUCT_NAME = "$(TARGET_NAME)";
				SWIFT_VERSION = 3.0;
				TEST_TARGET_NAME = "Management Student";
			};
			name = Debug;
		};
		F68C7A7D1EC238DE00ADD0BC /* Release */ = {
			isa = XCBuildConfiguration;
			buildSettings = {
				ALWAYS_EMBED_SWIFT_STANDARD_LIBRARIES = YES;
				INFOPLIST_FILE = "Management StudentUITests/Info.plist";
				LD_RUNPATH_SEARCH_PATHS = "$(inherited) @executable_path/Frameworks @loader_path/Frameworks";
				PRODUCT_BUNDLE_IDENTIFIER = "Huy.Management-Student.Management-StudentUITests";
				PRODUCT_NAME = "$(TARGET_NAME)";
				SWIFT_VERSION = 3.0;
				TEST_TARGET_NAME = "Management Student";
			};
			name = Release;
		};
/* End XCBuildConfiguration section */

/* Begin XCConfigurationList section */
		F68C7A481EC238DE00ADD0BC /* Build configuration list for PBXProject "Management Student" */ = {
			isa = XCConfigurationList;
			buildConfigurations = (
				F68C7A731EC238DE00ADD0BC /* Debug */,
				F68C7A741EC238DE00ADD0BC /* Release */,
			);
			defaultConfigurationIsVisible = 0;
			defaultConfigurationName = Release;
		};
		F68C7A751EC238DE00ADD0BC /* Build configuration list for PBXNativeTarget "Management Student" */ = {
			isa = XCConfigurationList;
			buildConfigurations = (
				F68C7A761EC238DE00ADD0BC /* Debug */,
				F68C7A771EC238DE00ADD0BC /* Release */,
			);
			defaultConfigurationIsVisible = 0;
			defaultConfigurationName = Release;
		};
		F68C7A781EC238DE00ADD0BC /* Build configuration list for PBXNativeTarget "Management StudentTests" */ = {
			isa = XCConfigurationList;
			buildConfigurations = (
				F68C7A791EC238DE00ADD0BC /* Debug */,
				F68C7A7A1EC238DE00ADD0BC /* Release */,
			);
			defaultConfigurationIsVisible = 0;
			defaultConfigurationName = Release;
		};
		F68C7A7B1EC238DE00ADD0BC /* Build configuration list for PBXNativeTarget "Management StudentUITests" */ = {
			isa = XCConfigurationList;
			buildConfigurations = (
				F68C7A7C1EC238DE00ADD0BC /* Debug */,
				F68C7A7D1EC238DE00ADD0BC /* Release */,
			);
			defaultConfigurationIsVisible = 0;
			defaultConfigurationName = Release;
		};
/* End XCConfigurationList section */
	};
	rootObject = F68C7A451EC238DE00ADD0BC /* Project object */;
}
